
Microsoft Visual Studio Solution File, Format Version 12.00
# Visual Studio Version 17
VisualStudioVersion = 17.10.35013.160
MinimumVisualStudioVersion = 10.0.40219.1
Project("{2150E333-8FDC-42A3-9474-1A3956D46DE8}") = "Services", "Services", "{87B5E079-F8BB-4BAB-9410-9695DCB497A3}"
EndProject
Project("{2150E333-8FDC-42A3-9474-1A3956D46DE8}") = "Catalog", "Catalog", "{B6F837B6-F677-46E9-8AE9-615990869E78}"
EndProject
Project("{9A19103F-16F7-4668-BE54-9A1E7A4F7556}") = "Catalog.API", "Services\Catalog\Catalog.API\Catalog.API.csproj", "{FE5B95E5-BB77-4FBD-8318-9143A46D9E4F}"
EndProject
Project("{2150E333-8FDC-42A3-9474-1A3956D46DE8}") = "BuildingBlocks", "BuildingBlocks", "{43328AF0-7EC4-473B-9D39-D6F63BAD022E}"
EndProject
Project("{9A19103F-16F7-4668-BE54-9A1E7A4F7556}") = "BuildingBlocks", "BuildingBlocks\BuildingBlocks\BuildingBlocks.csproj", "{270386CA-3CC6-4F5B-81D2-55C29B5A2256}"
EndProject
Project("{E53339B2-1760-4266-BCC7-CA923CBCF16C}") = "docker-compose", "docker-compose.dcproj", "{6FEE0037-6961-4D19-B1E5-48857B1CE9F0}"
EndProject
Project("{2150E333-8FDC-42A3-9474-1A3956D46DE8}") = "Basket", "Basket", "{A08A8F49-6828-4887-9D6C-65603D6F08B4}"
EndProject
Project("{9A19103F-16F7-4668-BE54-9A1E7A4F7556}") = "Basket.API", "Services\Basket\Basket.API\Basket.API.csproj", "{E9297458-04E1-47B8-A714-EF5796FADFB1}"
EndProject
Project("{2150E333-8FDC-42A3-9474-1A3956D46DE8}") = "Solution Items", "Solution Items", "{90EAD3B8-7242-406E-A3AC-7C19D8615190}"
EndProject
Project("{2150E333-8FDC-42A3-9474-1A3956D46DE8}") = "Discount", "Discount", "{5B182C83-C998-4B8A-AD5F-EC905B7E3C32}"
EndProject
Project("{FAE04EC0-301F-11D3-BF4B-00C04F79EFBC}") = "Discount.Grpc", "Services\Discount\Discount.Grpc\Discount.Grpc.csproj", "{87C2AE16-31B7-4953-8545-260EBA043C0A}"
EndProject
Global
	GlobalSection(SolutionConfigurationPlatforms) = preSolution
		Debug|Any CPU = Debug|Any CPU
		Release|Any CPU = Release|Any CPU
	EndGlobalSection
	GlobalSection(ProjectConfigurationPlatforms) = postSolution
		{FE5B95E5-BB77-4FBD-8318-9143A46D9E4F}.Debug|Any CPU.ActiveCfg = Debug|Any CPU
		{FE5B95E5-BB77-4FBD-8318-9143A46D9E4F}.Debug|Any CPU.Build.0 = Debug|Any CPU
		{FE5B95E5-BB77-4FBD-8318-9143A46D9E4F}.Release|Any CPU.ActiveCfg = Release|Any CPU
		{FE5B95E5-BB77-4FBD-8318-9143A46D9E4F}.Release|Any CPU.Build.0 = Release|Any CPU
		{270386CA-3CC6-4F5B-81D2-55C29B5A2256}.Debug|Any CPU.ActiveCfg = Debug|Any CPU
		{270386CA-3CC6-4F5B-81D2-55C29B5A2256}.Debug|Any CPU.Build.0 = Debug|Any CPU
		{270386CA-3CC6-4F5B-81D2-55C29B5A2256}.Release|Any CPU.ActiveCfg = Release|Any CPU
		{270386CA-3CC6-4F5B-81D2-55C29B5A2256}.Release|Any CPU.Build.0 = Release|Any CPU
		{6FEE0037-6961-4D19-B1E5-48857B1CE9F0}.Debug|Any CPU.ActiveCfg = Debug|Any CPU
		{6FEE0037-6961-4D19-B1E5-48857B1CE9F0}.Debug|Any CPU.Build.0 = Debug|Any CPU
		{6FEE0037-6961-4D19-B1E5-48857B1CE9F0}.Release|Any CPU.ActiveCfg = Release|Any CPU
		{6FEE0037-6961-4D19-B1E5-48857B1CE9F0}.Release|Any CPU.Build.0 = Release|Any CPU
		{E9297458-04E1-47B8-A714-EF5796FADFB1}.Debug|Any CPU.ActiveCfg = Debug|Any CPU
		{E9297458-04E1-47B8-A714-EF5796FADFB1}.Debug|Any CPU.Build.0 = Debug|Any CPU
		{E9297458-04E1-47B8-A714-EF5796FADFB1}.Release|Any CPU.ActiveCfg = Release|Any CPU
		{E9297458-04E1-47B8-A714-EF5796FADFB1}.Release|Any CPU.Build.0 = Release|Any CPU
		{87C2AE16-31B7-4953-8545-260EBA043C0A}.Debug|Any CPU.ActiveCfg = Debug|Any CPU
		{87C2AE16-31B7-4953-8545-260EBA043C0A}.Debug|Any CPU.Build.0 = Debug|Any CPU
		{87C2AE16-31B7-4953-8545-260EBA043C0A}.Release|Any CPU.ActiveCfg = Release|Any CPU
		{87C2AE16-31B7-4953-8545-260EBA043C0A}.Release|Any CPU.Build.0 = Release|Any CPU
	EndGlobalSection
	GlobalSection(SolutionProperties) = preSolution
		HideSolutionNode = FALSE
	EndGlobalSection
	GlobalSection(NestedProjects) = preSolution
		{B6F837B6-F677-46E9-8AE9-615990869E78} = {87B5E079-F8BB-4BAB-9410-9695DCB497A3}
		{FE5B95E5-BB77-4FBD-8318-9143A46D9E4F} = {B6F837B6-F677-46E9-8AE9-615990869E78}
		{270386CA-3CC6-4F5B-81D2-55C29B5A2256} = {43328AF0-7EC4-473B-9D39-D6F63BAD022E}
		{A08A8F49-6828-4887-9D6C-65603D6F08B4} = {87B5E079-F8BB-4BAB-9410-9695DCB497A3}
		{E9297458-04E1-47B8-A714-EF5796FADFB1} = {A08A8F49-6828-4887-9D6C-65603D6F08B4}
		{5B182C83-C998-4B8A-AD5F-EC905B7E3C32} = {87B5E079-F8BB-4BAB-9410-9695DCB497A3}
		{87C2AE16-31B7-4953-8545-260EBA043C0A} = {5B182C83-C998-4B8A-AD5F-EC905B7E3C32}
	EndGlobalSection
	GlobalSection(ExtensibilityGlobals) = postSolution
		SolutionGuid = {ABD42B49-679F-4D6F-B558-1433FE0749AF}
	EndGlobalSection
EndGlobal
